// !$*UTF8*$!
{
	archiveVersion = 1;
	classes = {
	};
	objectVersion = 56;
	objects = {

/* Begin PBXBuildFile section */
		37C6AD6B293F693F004B04F9 /* MyFirstToDoListApp.swift in Sources */ = {isa = PBXBuildFile; fileRef = 37C6AD6A293F693F004B04F9 /* MyFirstToDoListApp.swift */; };
		37C6AD6D293F693F004B04F9 /* ContentView.swift in Sources */ = {isa = PBXBuildFile; fileRef = 37C6AD6C293F693F004B04F9 /* ContentView.swift */; };
		37C6AD6F293F6940004B04F9 /* Assets.xcassets in Resources */ = {isa = PBXBuildFile; fileRef = 37C6AD6E293F6940004B04F9 /* Assets.xcassets */; };
		37C6AD72293F6940004B04F9 /* Preview Assets.xcassets in Resources */ = {isa = PBXBuildFile; fileRef = 37C6AD71293F6940004B04F9 /* Preview Assets.xcassets */; };
		37C6AD74293F6940004B04F9 /* Persistence.swift in Sources */ = {isa = PBXBuildFile; fileRef = 37C6AD73293F6940004B04F9 /* Persistence.swift */; };
		37C6AD77293F6940004B04F9 /* MyFirstToDoList.xcdatamodeld in Sources */ = {isa = PBXBuildFile; fileRef = 37C6AD75293F6940004B04F9 /* MyFirstToDoList.xcdatamodeld */; };
		37C6AD81293F6940004B04F9 /* MyFirstToDoListTests.swift in Sources */ = {isa = PBXBuildFile; fileRef = 37C6AD80293F6940004B04F9 /* MyFirstToDoListTests.swift */; };
		37C6AD8B293F6940004B04F9 /* MyFirstToDoListUITests.swift in Sources */ = {isa = PBXBuildFile; fileRef = 37C6AD8A293F6940004B04F9 /* MyFirstToDoListUITests.swift */; };
		37C6AD8D293F6940004B04F9 /* MyFirstToDoListUITestsLaunchTests.swift in Sources */ = {isa = PBXBuildFile; fileRef = 37C6AD8C293F6940004B04F9 /* MyFirstToDoListUITestsLaunchTests.swift */; };
/* End PBXBuildFile section */

/* Begin PBXContainerItemProxy section */
		37C6AD7D293F6940004B04F9 /* PBXContainerItemProxy */ = {
			isa = PBXContainerItemProxy;
			containerPortal = 37C6AD5F293F693F004B04F9 /* Project object */;
			proxyType = 1;
			remoteGlobalIDString = 37C6AD66293F693F004B04F9;
			remoteInfo = MyFirstToDoList;
		};
		37C6AD87293F6940004B04F9 /* PBXContainerItemProxy */ = {
			isa = PBXContainerItemProxy;
			containerPortal = 37C6AD5F293F693F004B04F9 /* Project object */;
			proxyType = 1;
			remoteGlobalIDString = 37C6AD66293F693F004B04F9;
			remoteInfo = MyFirstToDoList;
		};
/* End PBXContainerItemProxy section */

/* Begin PBXFileReference section */
		37C6AD67293F693F004B04F9 /* MyFirstToDoList.app */ = {isa = PBXFileReference; explicitFileType = wrapper.application; includeInIndex = 0; path = MyFirstToDoList.app; sourceTree = BUILT_PRODUCTS_DIR; };
		37C6AD6A293F693F004B04F9 /* MyFirstToDoListApp.swift */ = {isa = PBXFileReference; lastKnownFileType = sourcecode.swift; path = MyFirstToDoListApp.swift; sourceTree = "<group>"; };
		37C6AD6C293F693F004B04F9 /* ContentView.swift */ = {isa = PBXFileReference; lastKnownFileType = sourcecode.swift; path = ContentView.swift; sourceTree = "<group>"; };
		37C6AD6E293F6940004B04F9 /* Assets.xcassets */ = {isa = PBXFileReference; lastKnownFileType = folder.assetcatalog; path = Assets.xcassets; sourceTree = "<group>"; };
		37C6AD71293F6940004B04F9 /* Preview Assets.xcassets */ = {isa = PBXFileReference; lastKnownFileType = folder.assetcatalog; path = "Preview Assets.xcassets"; sourceTree = "<group>"; };
		37C6AD73293F6940004B04F9 /* Persistence.swift */ = {isa = PBXFileReference; lastKnownFileType = sourcecode.swift; path = Persistence.swift; sourceTree = "<group>"; };
		37C6AD76293F6940004B04F9 /* MyFirstToDoList.xcdatamodel */ = {isa = PBXFileReference; lastKnownFileType = wrapper.xcdatamodel; path = MyFirstToDoList.xcdatamodel; sourceTree = "<group>"; };
		37C6AD7C293F6940004B04F9 /* MyFirstToDoListTests.xctest */ = {isa = PBXFileReference; explicitFileType = wrapper.cfbundle; includeInIndex = 0; path = MyFirstToDoListTests.xctest; sourceTree = BUILT_PRODUCTS_DIR; };
		37C6AD80293F6940004B04F9 /* MyFirstToDoListTests.swift */ = {isa = PBXFileReference; lastKnownFileType = sourcecode.swift; path = MyFirstToDoListTests.swift; sourceTree = "<group>"; };
		37C6AD86293F6940004B04F9 /* MyFirstToDoListUITests.xctest */ = {isa = PBXFileReference; explicitFileType = wrapper.cfbundle; includeInIndex = 0; path = MyFirstToDoListUITests.xctest; sourceTree = BUILT_PRODUCTS_DIR; };
		37C6AD8A293F6940004B04F9 /* MyFirstToDoListUITests.swift */ = {isa = PBXFileReference; lastKnownFileType = sourcecode.swift; path = MyFirstToDoListUITests.swift; sourceTree = "<group>"; };
		37C6AD8C293F6940004B04F9 /* MyFirstToDoListUITestsLaunchTests.swift */ = {isa = PBXFileReference; lastKnownFileType = sourcecode.swift; path = MyFirstToDoListUITestsLaunchTests.swift; sourceTree = "<group>"; };
/* End PBXFileReference section */

/* Begin PBXFrameworksBuildPhase section */
		37C6AD64293F693F004B04F9 /* Frameworks */ = {
			isa = PBXFrameworksBuildPhase;
			buildActionMask = 2147483647;
			files = (
			);
			runOnlyForDeploymentPostprocessing = 0;
		};
		37C6AD79293F6940004B04F9 /* Frameworks */ = {
			isa = PBXFrameworksBuildPhase;
			buildActionMask = 2147483647;
			files = (
			);
			runOnlyForDeploymentPostprocessing = 0;
		};
		37C6AD83293F6940004B04F9 /* Frameworks */ = {
			isa = PBXFrameworksBuildPhase;
			buildActionMask = 2147483647;
			files = (
			);
			runOnlyForDeploymentPostprocessing = 0;
		};
/* End PBXFrameworksBuildPhase section */

/* Begin PBXGroup section */
		37C6AD5E293F693F004B04F9 = {
			isa = PBXGroup;
			children = (
				37C6AD69293F693F004B04F9 /* MyFirstToDoList */,
				37C6AD7F293F6940004B04F9 /* MyFirstToDoListTests */,
				37C6AD89293F6940004B04F9 /* MyFirstToDoListUITests */,
				37C6AD68293F693F004B04F9 /* Products */,
			);
			sourceTree = "<group>";
		};
		37C6AD68293F693F004B04F9 /* Products */ = {
			isa = PBXGroup;
			children = (
				37C6AD67293F693F004B04F9 /* MyFirstToDoList.app */,
				37C6AD7C293F6940004B04F9 /* MyFirstToDoListTests.xctest */,
				37C6AD86293F6940004B04F9 /* MyFirstToDoListUITests.xctest */,
			);
			name = Products;
			sourceTree = "<group>";
		};
		37C6AD69293F693F004B04F9 /* MyFirstToDoList */ = {
			isa = PBXGroup;
			children = (
				37C6AD6A293F693F004B04F9 /* MyFirstToDoListApp.swift */,
				37C6AD6C293F693F004B04F9 /* ContentView.swift */,
				37C6AD6E293F6940004B04F9 /* Assets.xcassets */,
				37C6AD73293F6940004B04F9 /* Persistence.swift */,
				37C6AD75293F6940004B04F9 /* MyFirstToDoList.xcdatamodeld */,
				37C6AD70293F6940004B04F9 /* Preview Content */,
			);
			path = MyFirstToDoList;
			sourceTree = "<group>";
		};
		37C6AD70293F6940004B04F9 /* Preview Content */ = {
			isa = PBXGroup;
			children = (
				37C6AD71293F6940004B04F9 /* Preview Assets.xcassets */,
			);
			path = "Preview Content";
			sourceTree = "<group>";
		};
		37C6AD7F293F6940004B04F9 /* MyFirstToDoListTests */ = {
			isa = PBXGroup;
			children = (
				37C6AD80293F6940004B04F9 /* MyFirstToDoListTests.swift */,
			);
			path = MyFirstToDoListTests;
			sourceTree = "<group>";
		};
		37C6AD89293F6940004B04F9 /* MyFirstToDoListUITests */ = {
			isa = PBXGroup;
			children = (
				37C6AD8A293F6940004B04F9 /* MyFirstToDoListUITests.swift */,
				37C6AD8C293F6940004B04F9 /* MyFirstToDoListUITestsLaunchTests.swift */,
			);
			path = MyFirstToDoListUITests;
			sourceTree = "<group>";
		};
/* End PBXGroup section */

/* Begin PBXNativeTarget section */
		37C6AD66293F693F004B04F9 /* MyFirstToDoList */ = {
			isa = PBXNativeTarget;
			buildConfigurationList = 37C6AD90293F6940004B04F9 /* Build configuration list for PBXNativeTarget "MyFirstToDoList" */;
			buildPhases = (
				37C6AD63293F693F004B04F9 /* Sources */,
				37C6AD64293F693F004B04F9 /* Frameworks */,
				37C6AD65293F693F004B04F9 /* Resources */,
			);
			buildRules = (
			);
			dependencies = (
			);
			name = MyFirstToDoList;
			productName = MyFirstToDoList;
			productReference = 37C6AD67293F693F004B04F9 /* MyFirstToDoList.app */;
			productType = "com.apple.product-type.application";
		};
		37C6AD7B293F6940004B04F9 /* MyFirstToDoListTests */ = {
			isa = PBXNativeTarget;
			buildConfigurationList = 37C6AD93293F6940004B04F9 /* Build configuration list for PBXNativeTarget "MyFirstToDoListTests" */;
			buildPhases = (
				37C6AD78293F6940004B04F9 /* Sources */,
				37C6AD79293F6940004B04F9 /* Frameworks */,
				37C6AD7A293F6940004B04F9 /* Resources */,
			);
			buildRules = (
			);
			dependencies = (
				37C6AD7E293F6940004B04F9 /* PBXTargetDependency */,
			);
			name = MyFirstToDoListTests;
			productName = MyFirstToDoListTests;
			productReference = 37C6AD7C293F6940004B04F9 /* MyFirstToDoListTests.xctest */;
			productType = "com.apple.product-type.bundle.unit-test";
		};
		37C6AD85293F6940004B04F9 /* MyFirstToDoListUITests */ = {
			isa = PBXNativeTarget;
			buildConfigurationList = 37C6AD96293F6940004B04F9 /* Build configuration list for PBXNativeTarget "MyFirstToDoListUITests" */;
			buildPhases = (
				37C6AD82293F6940004B04F9 /* Sources */,
				37C6AD83293F6940004B04F9 /* Frameworks */,
				37C6AD84293F6940004B04F9 /* Resources */,
			);
			buildRules = (
			);
			dependencies = (
				37C6AD88293F6940004B04F9 /* PBXTargetDependency */,
			);
			name = MyFirstToDoListUITests;
			productName = MyFirstToDoListUITests;
			productReference = 37C6AD86293F6940004B04F9 /* MyFirstToDoListUITests.xctest */;
			productType = "com.apple.product-type.bundle.ui-testing";
		};
/* End PBXNativeTarget section */

/* Begin PBXProject section */
		37C6AD5F293F693F004B04F9 /* Project object */ = {
			isa = PBXProject;
			attributes = {
				BuildIndependentTargetsInParallel = 1;
				LastSwiftUpdateCheck = 1410;
				LastUpgradeCheck = 1410;
				TargetAttributes = {
					37C6AD66293F693F004B04F9 = {
						CreatedOnToolsVersion = 14.1;
					};
					37C6AD7B293F6940004B04F9 = {
						CreatedOnToolsVersion = 14.1;
						TestTargetID = 37C6AD66293F693F004B04F9;
					};
					37C6AD85293F6940004B04F9 = {
						CreatedOnToolsVersion = 14.1;
						TestTargetID = 37C6AD66293F693F004B04F9;
					};
				};
			};
			buildConfigurationList = 37C6AD62293F693F004B04F9 /* Build configuration list for PBXProject "MyFirstToDoList" */;
			compatibilityVersion = "Xcode 14.0";
			developmentRegion = en;
			hasScannedForEncodings = 0;
			knownRegions = (
				en,
				Base,
			);
			mainGroup = 37C6AD5E293F693F004B04F9;
			productRefGroup = 37C6AD68293F693F004B04F9 /* Products */;
			projectDirPath = "";
			projectRoot = "";
			targets = (
				37C6AD66293F693F004B04F9 /* MyFirstToDoList */,
				37C6AD7B293F6940004B04F9 /* MyFirstToDoListTests */,
				37C6AD85293F6940004B04F9 /* MyFirstToDoListUITests */,
			);
		};
/* End PBXProject section */

/* Begin PBXResourcesBuildPhase section */
		37C6AD65293F693F004B04F9 /* Resources */ = {
			isa = PBXResourcesBuildPhase;
			buildActionMask = 2147483647;
			files = (
				37C6AD72293F6940004B04F9 /* Preview Assets.xcassets in Resources */,
				37C6AD6F293F6940004B04F9 /* Assets.xcassets in Resources */,
			);
			runOnlyForDeploymentPostprocessing = 0;
		};
		37C6AD7A293F6940004B04F9 /* Resources */ = {
			isa = PBXResourcesBuildPhase;
			buildActionMask = 2147483647;
			files = (
			);
			runOnlyForDeploymentPostprocessing = 0;
		};
		37C6AD84293F6940004B04F9 /* Resources */ = {
			isa = PBXResourcesBuildPhase;
			buildActionMask = 2147483647;
			files = (
			);
			runOnlyForDeploymentPostprocessing = 0;
		};
/* End PBXResourcesBuildPhase section */

/* Begin PBXSourcesBuildPhase section */
		37C6AD63293F693F004B04F9 /* Sources */ = {
			isa = PBXSourcesBuildPhase;
			buildActionMask = 2147483647;
			files = (
				37C6AD77293F6940004B04F9 /* MyFirstToDoList.xcdatamodeld in Sources */,
				37C6AD74293F6940004B04F9 /* Persistence.swift in Sources */,
				37C6AD6D293F693F004B04F9 /* ContentView.swift in Sources */,
				37C6AD6B293F693F004B04F9 /* MyFirstToDoListApp.swift in Sources */,
			);
			runOnlyForDeploymentPostprocessing = 0;
		};
		37C6AD78293F6940004B04F9 /* Sources */ = {
			isa = PBXSourcesBuildPhase;
			buildActionMask = 2147483647;
			files = (
				37C6AD81293F6940004B04F9 /* MyFirstToDoListTests.swift in Sources */,
			);
			runOnlyForDeploymentPostprocessing = 0;
		};
		37C6AD82293F6940004B04F9 /* Sources */ = {
			isa = PBXSourcesBuildPhase;
			buildActionMask = 2147483647;
			files = (
				37C6AD8B293F6940004B04F9 /* MyFirstToDoListUITests.swift in Sources */,
				37C6AD8D293F6940004B04F9 /* MyFirstToDoListUITestsLaunchTests.swift in Sources */,
			);
			runOnlyForDeploymentPostprocessing = 0;
		};
/* End PBXSourcesBuildPhase section */

/* Begin PBXTargetDependency section */
		37C6AD7E293F6940004B04F9 /* PBXTargetDependency */ = {
			isa = PBXTargetDependency;
			target = 37C6AD66293F693F004B04F9 /* MyFirstToDoList */;
			targetProxy = 37C6AD7D293F6940004B04F9 /* PBXContainerItemProxy */;
		};
		37C6AD88293F6940004B04F9 /* PBXTargetDependency */ = {
			isa = PBXTargetDependency;
			target = 37C6AD66293F693F004B04F9 /* MyFirstToDoList */;
			targetProxy = 37C6AD87293F6940004B04F9 /* PBXContainerItemProxy */;
		};
/* End PBXTargetDependency section */

/* Begin XCBuildConfiguration section */
		37C6AD8E293F6940004B04F9 /* Debug */ = {
			isa = XCBuildConfiguration;
			buildSettings = {
				ALWAYS_SEARCH_USER_PATHS = NO;
				CLANG_ANALYZER_NONNULL = YES;
				CLANG_ANALYZER_NUMBER_OBJECT_CONVERSION = YES_AGGRESSIVE;
				CLANG_CXX_LANGUAGE_STANDARD = "gnu++20";
				CLANG_ENABLE_MODULES = YES;
				CLANG_ENABLE_OBJC_ARC = YES;
				CLANG_ENABLE_OBJC_WEAK = YES;
				CLANG_WARN_BLOCK_CAPTURE_AUTORELEASING = YES;
				CLANG_WARN_BOOL_CONVERSION = YES;
				CLANG_WARN_COMMA = YES;
				CLANG_WARN_CONSTANT_CONVERSION = YES;
				CLANG_WARN_DEPRECATED_OBJC_IMPLEMENTATIONS = YES;
				CLANG_WARN_DIRECT_OBJC_ISA_USAGE = YES_ERROR;
				CLANG_WARN_DOCUMENTATION_COMMENTS = YES;
				CLANG_WARN_EMPTY_BODY = YES;
				CLANG_WARN_ENUM_CONVERSION = YES;
				CLANG_WARN_INFINITE_RECURSION = YES;
				CLANG_WARN_INT_CONVERSION = YES;
				CLANG_WARN_NON_LITERAL_NULL_CONVERSION = YES;
				CLANG_WARN_OBJC_IMPLICIT_RETAIN_SELF = YES;
				CLANG_WARN_OBJC_LITERAL_CONVERSION = YES;
				CLANG_WARN_OBJC_ROOT_CLASS = YES_ERROR;
				CLANG_WARN_QUOTED_INCLUDE_IN_FRAMEWORK_HEADER = YES;
				CLANG_WARN_RANGE_LOOP_ANALYSIS = YES;
				CLANG_WARN_STRICT_PROTOTYPES = YES;
				CLANG_WARN_SUSPICIOUS_MOVE = YES;
				CLANG_WARN_UNGUARDED_AVAILABILITY = YES_AGGRESSIVE;
				CLANG_WARN_UNREACHABLE_CODE = YES;
				CLANG_WARN__DUPLICATE_METHOD_MATCH = YES;
				COPY_PHASE_STRIP = NO;
				DEBUG_INFORMATION_FORMAT = dwarf;
				ENABLE_STRICT_OBJC_MSGSEND = YES;
				ENABLE_TESTABILITY = YES;
				GCC_C_LANGUAGE_STANDARD = gnu11;
				GCC_DYNAMIC_NO_PIC = NO;
				GCC_NO_COMMON_BLOCKS = YES;
				GCC_OPTIMIZATION_LEVEL = 0;
				GCC_PREPROCESSOR_DEFINITIONS = (
					"DEBUG=1",
					"$(inherited)",
				);
				GCC_WARN_64_TO_32_BIT_CONVERSION = YES;
				GCC_WARN_ABOUT_RETURN_TYPE = YES_ERROR;
				GCC_WARN_UNDECLARED_SELECTOR = YES;
				GCC_WARN_UNINITIALIZED_AUTOS = YES_AGGRESSIVE;
				GCC_WARN_UNUSED_FUNCTION = YES;
				GCC_WARN_UNUSED_VARIABLE = YES;
				IPHONEOS_DEPLOYMENT_TARGET = 16.1;
				MTL_ENABLE_DEBUG_INFO = INCLUDE_SOURCE;
				MTL_FAST_MATH = YES;
				ONLY_ACTIVE_ARCH = YES;
				SDKROOT = iphoneos;
				SWIFT_ACTIVE_COMPILATION_CONDITIONS = DEBUG;
				SWIFT_OPTIMIZATION_LEVEL = "-Onone";
			};
			name = Debug;
		};
		37C6AD8F293F6940004B04F9 /* Release */ = {
			isa = XCBuildConfiguration;
			buildSettings = {
				ALWAYS_SEARCH_USER_PATHS = NO;
				CLANG_ANALYZER_NONNULL = YES;
				CLANG_ANALYZER_NUMBER_OBJECT_CONVERSION = YES_AGGRESSIVE;
				CLANG_CXX_LANGUAGE_STANDARD = "gnu++20";
				CLANG_ENABLE_MODULES = YES;
				CLANG_ENABLE_OBJC_ARC = YES;
				CLANG_ENABLE_OBJC_WEAK = YES;
				CLANG_WARN_BLOCK_CAPTURE_AUTORELEASING = YES;
				CLANG_WARN_BOOL_CONVERSION = YES;
				CLANG_WARN_COMMA = YES;
				CLANG_WARN_CONSTANT_CONVERSION = YES;
				CLANG_WARN_DEPRECATED_OBJC_IMPLEMENTATIONS = YES;
				CLANG_WARN_DIRECT_OBJC_ISA_USAGE = YES_ERROR;
				CLANG_WARN_DOCUMENTATION_COMMENTS = YES;
				CLANG_WARN_EMPTY_BODY = YES;
				CLANG_WARN_ENUM_CONVERSION = YES;
				CLANG_WARN_INFINITE_RECURSION = YES;
				CLANG_WARN_INT_CONVERSION = YES;
				CLANG_WARN_NON_LITERAL_NULL_CONVERSION = YES;
				CLANG_WARN_OBJC_IMPLICIT_RETAIN_SELF = YES;
				CLANG_WARN_OBJC_LITERAL_CONVERSION = YES;
				CLANG_WARN_OBJC_ROOT_CLASS = YES_ERROR;
				CLANG_WARN_QUOTED_INCLUDE_IN_FRAMEWORK_HEADER = YES;
				CLANG_WARN_RANGE_LOOP_ANALYSIS = YES;
				CLANG_WARN_STRICT_PROTOTYPES = YES;
				CLANG_WARN_SUSPICIOUS_MOVE = YES;
				CLANG_WARN_UNGUARDED_AVAILABILITY = YES_AGGRESSIVE;
				CLANG_WARN_UNREACHABLE_CODE = YES;
				CLANG_WARN__DUPLICATE_METHOD_MATCH = YES;
				COPY_PHASE_STRIP = NO;
				DEBUG_INFORMATION_FORMAT = "dwarf-with-dsym";
				ENABLE_NS_ASSERTIONS = NO;
				ENABLE_STRICT_OBJC_MSGSEND = YES;
				GCC_C_LANGUAGE_STANDARD = gnu11;
				GCC_NO_COMMON_BLOCKS = YES;
				GCC_WARN_64_TO_32_BIT_CONVERSION = YES;
				GCC_WARN_ABOUT_RETURN_TYPE = YES_ERROR;
				GCC_WARN_UNDECLARED_SELECTOR = YES;
				GCC_WARN_UNINITIALIZED_AUTOS = YES_AGGRESSIVE;
				GCC_WARN_UNUSED_FUNCTION = YES;
				GCC_WARN_UNUSED_VARIABLE = YES;
				IPHONEOS_DEPLOYMENT_TARGET = 16.1;
				MTL_ENABLE_DEBUG_INFO = NO;
				MTL_FAST_MATH = YES;
				SDKROOT = iphoneos;
				SWIFT_COMPILATION_MODE = wholemodule;
				SWIFT_OPTIMIZATION_LEVEL = "-O";
				VALIDATE_PRODUCT = YES;
			};
			name = Release;
		};
		37C6AD91293F6940004B04F9 /* Debug */ = {
			isa = XCBuildConfiguration;
			buildSettings = {
				ASSETCATALOG_COMPILER_APPICON_NAME = AppIcon;
				ASSETCATALOG_COMPILER_GLOBAL_ACCENT_COLOR_NAME = AccentColor;
				CODE_SIGN_STYLE = Automatic;
				CURRENT_PROJECT_VERSION = 1;
				DEVELOPMENT_ASSET_PATHS = "\"MyFirstToDoList/Preview Content\"";
				ENABLE_PREVIEWS = YES;
				GENERATE_INFOPLIST_FILE = YES;
				INFOPLIST_KEY_UIApplicationSceneManifest_Generation = YES;
				INFOPLIST_KEY_UIApplicationSupportsIndirectInputEvents = YES;
				INFOPLIST_KEY_UILaunchScreen_Generation = YES;
				INFOPLIST_KEY_UISupportedInterfaceOrientations_iPad = "UIInterfaceOrientationPortrait UIInterfaceOrientationPortraitUpsideDown UIInterfaceOrientationLandscapeLeft UIInterfaceOrientationLandscapeRight";
				INFOPLIST_KEY_UISupportedInterfaceOrientations_iPhone = "UIInterfaceOrientationPortrait UIInterfaceOrientationLandscapeLeft UIInterfaceOrientationLandscapeRight";
				LD_RUNPATH_SEARCH_PATHS = (
					"$(inherited)",
					"@executable_path/Frameworks",
				);
				MARKETING_VERSION = 1.0;
				PRODUCT_BUNDLE_IDENTIFIER = chepcheppp1.MyFirstToDoList;
				PRODUCT_NAME = "$(TARGET_NAME)";
				SWIFT_EMIT_LOC_STRINGS = YES;
				SWIFT_VERSION = 5.0;
				TARGETED_DEVICE_FAMILY = "1,2";
			};
			name = Debug;
		};
		37C6AD92293F6940004B04F9 /* Release */ = {
			isa = XCBuildConfiguration;
			buildSettings = {
				ASSETCATALOG_COMPILER_APPICON_NAME = AppIcon;
				ASSETCATALOG_COMPILER_GLOBAL_ACCENT_COLOR_NAME = AccentColor;
				CODE_SIGN_STYLE = Automatic;
				CURRENT_PROJECT_VERSION = 1;
				DEVELOPMENT_ASSET_PATHS = "\"MyFirstToDoList/Preview Content\"";
				ENABLE_PREVIEWS = YES;
				GENERATE_INFOPLIST_FILE = YES;
				INFOPLIST_KEY_UIApplicationSceneManifest_Generation = YES;
				INFOPLIST_KEY_UIApplicationSupportsIndirectInputEvents = YES;
				INFOPLIST_KEY_UILaunchScreen_Generation = YES;
				INFOPLIST_KEY_UISupportedInterfaceOrientations_iPad = "UIInterfaceOrientationPortrait UIInterfaceOrientationPortraitUpsideDown UIInterfaceOrientationLandscapeLeft UIInterfaceOrientationLandscapeRight";
				INFOPLIST_KEY_UISupportedInterfaceOrientations_iPhone = "UIInterfaceOrientationPortrait UIInterfaceOrientationLandscapeLeft UIInterfaceOrientationLandscapeRight";
				LD_RUNPATH_SEARCH_PATHS = (
					"$(inherited)",
					"@executable_path/Frameworks",
				);
				MARKETING_VERSION = 1.0;
				PRODUCT_BUNDLE_IDENTIFIER = chepcheppp1.MyFirstToDoList;
				PRODUCT_NAME = "$(TARGET_NAME)";
				SWIFT_EMIT_LOC_STRINGS = YES;
				SWIFT_VERSION = 5.0;
				TARGETED_DEVICE_FAMILY = "1,2";
			};
			name = Release;
		};
		37C6AD94293F6940004B04F9 /* Debug */ = {
			isa = XCBuildConfiguration;
			buildSettings = {
				ALWAYS_EMBED_SWIFT_STANDARD_LIBRARIES = YES;
				BUNDLE_LOADER = "$(TEST_HOST)";
				CODE_SIGN_STYLE = Automatic;
				CURRENT_PROJECT_VERSION = 1;
				GENERATE_INFOPLIST_FILE = YES;
				IPHONEOS_DEPLOYMENT_TARGET = 16.1;
				MARKETING_VERSION = 1.0;
				PRODUCT_BUNDLE_IDENTIFIER = chepcheppp1.MyFirstToDoListTests;
				PRODUCT_NAME = "$(TARGET_NAME)";
				SWIFT_EMIT_LOC_STRINGS = NO;
				SWIFT_VERSION = 5.0;
				TARGETED_DEVICE_FAMILY = "1,2";
				TEST_HOST = "$(BUILT_PRODUCTS_DIR)/MyFirstToDoList.app/$(BUNDLE_EXECUTABLE_FOLDER_PATH)/MyFirstToDoList";
			};
			name = Debug;
		};
		37C6AD95293F6940004B04F9 /* Release */ = {
			isa = XCBuildConfiguration;
			buildSettings = {
				ALWAYS_EMBED_SWIFT_STANDARD_LIBRARIES = YES;
				BUNDLE_LOADER = "$(TEST_HOST)";
				CODE_SIGN_STYLE = Automatic;
				CURRENT_PROJECT_VERSION = 1;
				GENERATE_INFOPLIST_FILE = YES;
				IPHONEOS_DEPLOYMENT_TARGET = 16.1;
				MARKETING_VERSION = 1.0;
				PRODUCT_BUNDLE_IDENTIFIER = chepcheppp1.MyFirstToDoListTests;
				PRODUCT_NAME = "$(TARGET_NAME)";
				SWIFT_EMIT_LOC_STRINGS = NO;
				SWIFT_VERSION = 5.0;
				TARGETED_DEVICE_FAMILY = "1,2";
				TEST_HOST = "$(BUILT_PRODUCTS_DIR)/MyFirstToDoList.app/$(BUNDLE_EXECUTABLE_FOLDER_PATH)/MyFirstToDoList";
			};
			name = Release;
		};
		37C6AD97293F6940004B04F9 /* Debug */ = {
			isa = XCBuildConfiguration;
			buildSettings = {
				ALWAYS_EMBED_SWIFT_STANDARD_LIBRARIES = YES;
				CODE_SIGN_STYLE = Automatic;
				CURRENT_PROJECT_VERSION = 1;
				GENERATE_INFOPLIST_FILE = YES;
				MARKETING_VERSION = 1.0;
				PRODUCT_BUNDLE_IDENTIFIER = chepcheppp1.MyFirstToDoListUITests;
				PRODUCT_NAME = "$(TARGET_NAME)";
				SWIFT_EMIT_LOC_STRINGS = NO;
				SWIFT_VERSION = 5.0;
				TARGETED_DEVICE_FAMILY = "1,2";
				TEST_TARGET_NAME = MyFirstToDoList;
			};
			name = Debug;
		};
		37C6AD98293F6940004B04F9 /* Release */ = {
			isa = XCBuildConfiguration;
			buildSettings = {
				ALWAYS_EMBED_SWIFT_STANDARD_LIBRARIES = YES;
				CODE_SIGN_STYLE = Automatic;
				CURRENT_PROJECT_VERSION = 1;
				GENERATE_INFOPLIST_FILE = YES;
				MARKETING_VERSION = 1.0;
				PRODUCT_BUNDLE_IDENTIFIER = chepcheppp1.MyFirstToDoListUITests;
				PRODUCT_NAME = "$(TARGET_NAME)";
				SWIFT_EMIT_LOC_STRINGS = NO;
				SWIFT_VERSION = 5.0;
				TARGETED_DEVICE_FAMILY = "1,2";
				TEST_TARGET_NAME = MyFirstToDoList;
			};
			name = Release;
		};
/* End XCBuildConfiguration section */

/* Begin XCConfigurationList section */
		37C6AD62293F693F004B04F9 /* Build configuration list for PBXProject "MyFirstToDoList" */ = {
			isa = XCConfigurationList;
			buildConfigurations = (
				37C6AD8E293F6940004B04F9 /* Debug */,
				37C6AD8F293F6940004B04F9 /* Release */,
			);
			defaultConfigurationIsVisible = 0;
			defaultConfigurationName = Release;
		};
		37C6AD90293F6940004B04F9 /* Build configuration list for PBXNativeTarget "MyFirstToDoList" */ = {
			isa = XCConfigurationList;
			buildConfigurations = (
				37C6AD91293F6940004B04F9 /* Debug */,
				37C6AD92293F6940004B04F9 /* Release */,
			);
			defaultConfigurationIsVisible = 0;
			defaultConfigurationName = Release;
		};
		37C6AD93293F6940004B04F9 /* Build configuration list for PBXNativeTarget "MyFirstToDoListTests" */ = {
			isa = XCConfigurationList;
			buildConfigurations = (
				37C6AD94293F6940004B04F9 /* Debug */,
				37C6AD95293F6940004B04F9 /* Release */,
			);
			defaultConfigurationIsVisible = 0;
			defaultConfigurationName = Release;
		};
		37C6AD96293F6940004B04F9 /* Build configuration list for PBXNativeTarget "MyFirstToDoListUITests" */ = {
			isa = XCConfigurationList;
			buildConfigurations = (
				37C6AD97293F6940004B04F9 /* Debug */,
				37C6AD98293F6940004B04F9 /* Release */,
			);
			defaultConfigurationIsVisible = 0;
			defaultConfigurationName = Release;
		};
/* End XCConfigurationList section */

/* Begin XCVersionGroup section */
		37C6AD75293F6940004B04F9 /* MyFirstToDoList.xcdatamodeld */ = {
			isa = XCVersionGroup;
			children = (
				37C6AD76293F6940004B04F9 /* MyFirstToDoList.xcdatamodel */,
			);
			currentVersion = 37C6AD76293F6940004B04F9 /* MyFirstToDoList.xcdatamodel */;
			path = MyFirstToDoList.xcdatamodeld;
			sourceTree = "<group>";
			versionGroupType = wrapper.xcdatamodel;
		};
/* End XCVersionGroup section */
	};
	rootObject = 37C6AD5F293F693F004B04F9 /* Project object */;
}
